
Microsoft Visual Studio Solution File, Format Version 12.00
# Visual Studio Version 17
VisualStudioVersion = 17.0.31903.59
MinimumVisualStudioVersion = 10.0.40219.1
Project("{FAE04EC0-301F-11D3-BF4B-00C04F79EFBC}") = "GeckoLib.NET", "GeckoLib.NET\GeckoLib.NET.csproj", "{C56F0D76-6A63-4046-925B-F059D6C8C1CE}"
EndProject
Project("{FAE04EC0-301F-11D3-BF4B-00C04F79EFBC}") = "GeckoConsoleApp", "GeckoConsoleApp\GeckoConsoleApp.csproj", "{05DD0100-39CD-4617-AAAF-E530C4496B27}"
EndProject
Project("{FAE04EC0-301F-11D3-BF4B-00C04F79EFBC}") = "TestGeckoLib", "TestGeckoLib\TestGeckoLib.csproj", "{6D0B0708-4A9D-49DE-AACA-954BFD949FB3}"
EndProject
Global
	GlobalSection(SolutionConfigurationPlatforms) = preSolution
		Debug|Any CPU = Debug|Any CPU
		Debug|x64 = Debug|x64
		Debug|x86 = Debug|x86
		Release|Any CPU = Release|Any CPU
		Release|x64 = Release|x64
		Release|x86 = Release|x86
	EndGlobalSection
	GlobalSection(ProjectConfigurationPlatforms) = postSolution
		{C56F0D76-6A63-4046-925B-F059D6C8C1CE}.Debug|Any CPU.ActiveCfg = Debug|Any CPU
		{C56F0D76-6A63-4046-925B-F059D6C8C1CE}.Debug|Any CPU.Build.0 = Debug|Any CPU
		{C56F0D76-6A63-4046-925B-F059D6C8C1CE}.Debug|x64.ActiveCfg = Debug|Any CPU
		{C56F0D76-6A63-4046-925B-F059D6C8C1CE}.Debug|x64.Build.0 = Debug|Any CPU
		{C56F0D76-6A63-4046-925B-F059D6C8C1CE}.Debug|x86.ActiveCfg = Debug|Any CPU
		{C56F0D76-6A63-4046-925B-F059D6C8C1CE}.Debug|x86.Build.0 = Debug|Any CPU
		{C56F0D76-6A63-4046-925B-F059D6C8C1CE}.Release|Any CPU.ActiveCfg = Release|Any CPU
		{C56F0D76-6A63-4046-925B-F059D6C8C1CE}.Release|Any CPU.Build.0 = Release|Any CPU
		{C56F0D76-6A63-4046-925B-F059D6C8C1CE}.Release|x64.ActiveCfg = Release|Any CPU
		{C56F0D76-6A63-4046-925B-F059D6C8C1CE}.Release|x64.Build.0 = Release|Any CPU
		{C56F0D76-6A63-4046-925B-F059D6C8C1CE}.Release|x86.ActiveCfg = Release|Any CPU
		{C56F0D76-6A63-4046-925B-F059D6C8C1CE}.Release|x86.Build.0 = Release|Any CPU
		{05DD0100-39CD-4617-AAAF-E530C4496B27}.Debug|Any CPU.ActiveCfg = Debug|Any CPU
		{05DD0100-39CD-4617-AAAF-E530C4496B27}.Debug|Any CPU.Build.0 = Debug|Any CPU
		{05DD0100-39CD-4617-AAAF-E530C4496B27}.Debug|x64.ActiveCfg = Debug|Any CPU
		{05DD0100-39CD-4617-AAAF-E530C4496B27}.Debug|x64.Build.0 = Debug|Any CPU
		{05DD0100-39CD-4617-AAAF-E530C4496B27}.Debug|x86.ActiveCfg = Debug|Any CPU
		{05DD0100-39CD-4617-AAAF-E530C4496B27}.Debug|x86.Build.0 = Debug|Any CPU
		{05DD0100-39CD-4617-AAAF-E530C4496B27}.Release|Any CPU.ActiveCfg = Release|Any CPU
		{05DD0100-39CD-4617-AAAF-E530C4496B27}.Release|Any CPU.Build.0 = Release|Any CPU
		{05DD0100-39CD-4617-AAAF-E530C4496B27}.Release|x64.ActiveCfg = Release|Any CPU
		{05DD0100-39CD-4617-AAAF-E530C4496B27}.Release|x64.Build.0 = Release|Any CPU
		{05DD0100-39CD-4617-AAAF-E530C4496B27}.Release|x86.ActiveCfg = Release|Any CPU
		{05DD0100-39CD-4617-AAAF-E530C4496B27}.Release|x86.Build.0 = Release|Any CPU
		{6D0B0708-4A9D-49DE-AACA-954BFD949FB3}.Debug|Any CPU.ActiveCfg = Debug|Any CPU
		{6D0B0708-4A9D-49DE-AACA-954BFD949FB3}.Debug|Any CPU.Build.0 = Debug|Any CPU
		{6D0B0708-4A9D-49DE-AACA-954BFD949FB3}.Debug|x64.ActiveCfg = Debug|Any CPU
		{6D0B0708-4A9D-49DE-AACA-954BFD949FB3}.Debug|x64.Build.0 = Debug|Any CPU
		{6D0B0708-4A9D-49DE-AACA-954BFD949FB3}.Debug|x86.ActiveCfg = Debug|Any CPU
		{6D0B0708-4A9D-49DE-AACA-954BFD949FB3}.Debug|x86.Build.0 = Debug|Any CPU
		{6D0B0708-4A9D-49DE-AACA-954BFD949FB3}.Release|Any CPU.ActiveCfg = Release|Any CPU
		{6D0B0708-4A9D-49DE-AACA-954BFD949FB3}.Release|Any CPU.Build.0 = Release|Any CPU
		{6D0B0708-4A9D-49DE-AACA-954BFD949FB3}.Release|x64.ActiveCfg = Release|Any CPU
		{6D0B0708-4A9D-49DE-AACA-954BFD949FB3}.Release|x64.Build.0 = Release|Any CPU
		{6D0B0708-4A9D-49DE-AACA-954BFD949FB3}.Release|x86.ActiveCfg = Release|Any CPU
		{6D0B0708-4A9D-49DE-AACA-954BFD949FB3}.Release|x86.Build.0 = Release|Any CPU
	EndGlobalSection
	GlobalSection(SolutionProperties) = preSolution
		HideSolutionNode = FALSE
	EndGlobalSection
EndGlobal
